
Microsoft Visual Studio Solution File, Format Version 12.00
# Visual Studio Version 16
VisualStudioVersion = 16.0.30907.101
MinimumVisualStudioVersion = 10.0.40219.1
Project("{FAE04EC0-301F-11D3-BF4B-00C04F79EFBC}") = "ExcelDemoFormsApp", "ExcelDemoFormsApp.csproj", "{3661302D-8B1B-479E-9749-03C372D6E64A}"
EndProject
Global
	GlobalSection(SolutionConfigurationPlatforms) = preSolution
		Debug|Any CPU = Debug|Any CPU
		Release|Any CPU = Release|Any CPU
	EndGlobalSection
	GlobalSection(ProjectConfigurationPlatforms) = postSolution
		{3661302D-8B1B-479E-9749-03C372D6E64A}.Debug|Any CPU.ActiveCfg = Debug|Any CPU
		{3661302D-8B1B-479E-9749-03C372D6E64A}.Debug|Any CPU.Build.0 = Debug|Any CPU
		{3661302D-8B1B-479E-9749-03C372D6E64A}.Release|Any CPU.ActiveCfg = Release|Any CPU
		{3661302D-8B1B-479E-9749-03C372D6E64A}.Release|Any CPU.Build.0 = Release|Any CPU
	EndGlobalSection
	GlobalSection(SolutionProperties) = preSolution
		HideSolutionNode = FALSE
	EndGlobalSection
	GlobalSection(ExtensibilityGlobals) = postSolution
		SolutionGuid = {5E7D213F-406E-420C-88D8-C5A0ABDB45C1}
	EndGlobalSection
EndGlobal
